
Microsoft Visual Studio Solution File, Format Version 12.00
# Visual Studio Version 16
VisualStudioVersion = 16.6.30114.105
MinimumVisualStudioVersion = 10.0.40219.1
Project("{9A19103F-16F7-4668-BE54-9A1E7A4F7556}") = "Catalog.API", "Catalog.API\Catalog.API.csproj", "{CFF436AC-F915-4EA3-B0AD-40E87993A784}"
EndProject
Project("{E53339B2-1760-4266-BCC7-CA923CBCF16C}") = "docker-compose", "docker-compose.dcproj", "{35A338F0-27C8-4236-9239-80CAFF138D8A}"
EndProject
Project("{9A19103F-16F7-4668-BE54-9A1E7A4F7556}") = "Basket.API", "Basket.API\Basket.API.csproj", "{5332E332-6AF5-4ADC-B255-E5F4A3B627E2}"
EndProject
Project("{9A19103F-16F7-4668-BE54-9A1E7A4F7556}") = "Discount.API", "Discount.API\Discount.API.csproj", "{FA490AF6-89AD-469D-9D84-AC87406703EF}"
EndProject
Project("{FAE04EC0-301F-11D3-BF4B-00C04F79EFBC}") = "Discount.Grpc", "Discount.Grpc\Discount.Grpc.csproj", "{A6D0C690-A465-4C10-A5C4-DA72237FA7AD}"
EndProject
Global
	GlobalSection(SolutionConfigurationPlatforms) = preSolution
		Debug|Any CPU = Debug|Any CPU
		Debug|x64 = Debug|x64
		Debug|x86 = Debug|x86
		Release|Any CPU = Release|Any CPU
		Release|x64 = Release|x64
		Release|x86 = Release|x86
	EndGlobalSection
	GlobalSection(ProjectConfigurationPlatforms) = postSolution
		{CFF436AC-F915-4EA3-B0AD-40E87993A784}.Debug|Any CPU.ActiveCfg = Debug|Any CPU
		{CFF436AC-F915-4EA3-B0AD-40E87993A784}.Debug|Any CPU.Build.0 = Debug|Any CPU
		{CFF436AC-F915-4EA3-B0AD-40E87993A784}.Debug|x64.ActiveCfg = Debug|Any CPU
		{CFF436AC-F915-4EA3-B0AD-40E87993A784}.Debug|x64.Build.0 = Debug|Any CPU
		{CFF436AC-F915-4EA3-B0AD-40E87993A784}.Debug|x86.ActiveCfg = Debug|Any CPU
		{CFF436AC-F915-4EA3-B0AD-40E87993A784}.Debug|x86.Build.0 = Debug|Any CPU
		{CFF436AC-F915-4EA3-B0AD-40E87993A784}.Release|Any CPU.ActiveCfg = Release|Any CPU
		{CFF436AC-F915-4EA3-B0AD-40E87993A784}.Release|Any CPU.Build.0 = Release|Any CPU
		{CFF436AC-F915-4EA3-B0AD-40E87993A784}.Release|x64.ActiveCfg = Release|Any CPU
		{CFF436AC-F915-4EA3-B0AD-40E87993A784}.Release|x64.Build.0 = Release|Any CPU
		{CFF436AC-F915-4EA3-B0AD-40E87993A784}.Release|x86.ActiveCfg = Release|Any CPU
		{CFF436AC-F915-4EA3-B0AD-40E87993A784}.Release|x86.Build.0 = Release|Any CPU
		{35A338F0-27C8-4236-9239-80CAFF138D8A}.Debug|Any CPU.ActiveCfg = Debug|Any CPU
		{35A338F0-27C8-4236-9239-80CAFF138D8A}.Debug|Any CPU.Build.0 = Debug|Any CPU
		{35A338F0-27C8-4236-9239-80CAFF138D8A}.Debug|x64.ActiveCfg = Debug|Any CPU
		{35A338F0-27C8-4236-9239-80CAFF138D8A}.Debug|x64.Build.0 = Debug|Any CPU
		{35A338F0-27C8-4236-9239-80CAFF138D8A}.Debug|x86.ActiveCfg = Debug|Any CPU
		{35A338F0-27C8-4236-9239-80CAFF138D8A}.Debug|x86.Build.0 = Debug|Any CPU
		{35A338F0-27C8-4236-9239-80CAFF138D8A}.Release|Any CPU.ActiveCfg = Release|Any CPU
		{35A338F0-27C8-4236-9239-80CAFF138D8A}.Release|Any CPU.Build.0 = Release|Any CPU
		{35A338F0-27C8-4236-9239-80CAFF138D8A}.Release|x64.ActiveCfg = Release|Any CPU
		{35A338F0-27C8-4236-9239-80CAFF138D8A}.Release|x64.Build.0 = Release|Any CPU
		{35A338F0-27C8-4236-9239-80CAFF138D8A}.Release|x86.ActiveCfg = Release|Any CPU
		{35A338F0-27C8-4236-9239-80CAFF138D8A}.Release|x86.Build.0 = Release|Any CPU
		{5332E332-6AF5-4ADC-B255-E5F4A3B627E2}.Debug|Any CPU.ActiveCfg = Debug|Any CPU
		{5332E332-6AF5-4ADC-B255-E5F4A3B627E2}.Debug|Any CPU.Build.0 = Debug|Any CPU
		{5332E332-6AF5-4ADC-B255-E5F4A3B627E2}.Debug|x64.ActiveCfg = Debug|Any CPU
		{5332E332-6AF5-4ADC-B255-E5F4A3B627E2}.Debug|x64.Build.0 = Debug|Any CPU
		{5332E332-6AF5-4ADC-B255-E5F4A3B627E2}.Debug|x86.ActiveCfg = Debug|Any CPU
		{5332E332-6AF5-4ADC-B255-E5F4A3B627E2}.Debug|x86.Build.0 = Debug|Any CPU
		{5332E332-6AF5-4ADC-B255-E5F4A3B627E2}.Release|Any CPU.ActiveCfg = Release|Any CPU
		{5332E332-6AF5-4ADC-B255-E5F4A3B627E2}.Release|Any CPU.Build.0 = Release|Any CPU
		{5332E332-6AF5-4ADC-B255-E5F4A3B627E2}.Release|x64.ActiveCfg = Release|Any CPU
		{5332E332-6AF5-4ADC-B255-E5F4A3B627E2}.Release|x64.Build.0 = Release|Any CPU
		{5332E332-6AF5-4ADC-B255-E5F4A3B627E2}.Release|x86.ActiveCfg = Release|Any CPU
		{5332E332-6AF5-4ADC-B255-E5F4A3B627E2}.Release|x86.Build.0 = Release|Any CPU
		{FA490AF6-89AD-469D-9D84-AC87406703EF}.Debug|Any CPU.ActiveCfg = Debug|Any CPU
		{FA490AF6-89AD-469D-9D84-AC87406703EF}.Debug|Any CPU.Build.0 = Debug|Any CPU
		{FA490AF6-89AD-469D-9D84-AC87406703EF}.Debug|x64.ActiveCfg = Debug|Any CPU
		{FA490AF6-89AD-469D-9D84-AC87406703EF}.Debug|x64.Build.0 = Debug|Any CPU
		{FA490AF6-89AD-469D-9D84-AC87406703EF}.Debug|x86.ActiveCfg = Debug|Any CPU
		{FA490AF6-89AD-469D-9D84-AC87406703EF}.Debug|x86.Build.0 = Debug|Any CPU
		{FA490AF6-89AD-469D-9D84-AC87406703EF}.Release|Any CPU.ActiveCfg = Release|Any CPU
		{FA490AF6-89AD-469D-9D84-AC87406703EF}.Release|Any CPU.Build.0 = Release|Any CPU
		{FA490AF6-89AD-469D-9D84-AC87406703EF}.Release|x64.ActiveCfg = Release|Any CPU
		{FA490AF6-89AD-469D-9D84-AC87406703EF}.Release|x64.Build.0 = Release|Any CPU
		{FA490AF6-89AD-469D-9D84-AC87406703EF}.Release|x86.ActiveCfg = Release|Any CPU
		{FA490AF6-89AD-469D-9D84-AC87406703EF}.Release|x86.Build.0 = Release|Any CPU
		{A6D0C690-A465-4C10-A5C4-DA72237FA7AD}.Debug|Any CPU.ActiveCfg = Debug|Any CPU
		{A6D0C690-A465-4C10-A5C4-DA72237FA7AD}.Debug|Any CPU.Build.0 = Debug|Any CPU
		{A6D0C690-A465-4C10-A5C4-DA72237FA7AD}.Debug|x64.ActiveCfg = Debug|Any CPU
		{A6D0C690-A465-4C10-A5C4-DA72237FA7AD}.Debug|x64.Build.0 = Debug|Any CPU
		{A6D0C690-A465-4C10-A5C4-DA72237FA7AD}.Debug|x86.ActiveCfg = Debug|Any CPU
		{A6D0C690-A465-4C10-A5C4-DA72237FA7AD}.Debug|x86.Build.0 = Debug|Any CPU
		{A6D0C690-A465-4C10-A5C4-DA72237FA7AD}.Release|Any CPU.ActiveCfg = Release|Any CPU
		{A6D0C690-A465-4C10-A5C4-DA72237FA7AD}.Release|Any CPU.Build.0 = Release|Any CPU
		{A6D0C690-A465-4C10-A5C4-DA72237FA7AD}.Release|x64.ActiveCfg = Release|Any CPU
		{A6D0C690-A465-4C10-A5C4-DA72237FA7AD}.Release|x64.Build.0 = Release|Any CPU
		{A6D0C690-A465-4C10-A5C4-DA72237FA7AD}.Release|x86.ActiveCfg = Release|Any CPU
		{A6D0C690-A465-4C10-A5C4-DA72237FA7AD}.Release|x86.Build.0 = Release|Any CPU
	EndGlobalSection
	GlobalSection(SolutionProperties) = preSolution
		HideSolutionNode = FALSE
	EndGlobalSection
	GlobalSection(ExtensibilityGlobals) = postSolution
		SolutionGuid = {09FD0A10-E51C-4317-AF83-10A197E4F493}
	EndGlobalSection
EndGlobal
