
Microsoft Visual Studio Solution File, Format Version 12.00
# Visual Studio Version 17
VisualStudioVersion = 17.0.32112.339
MinimumVisualStudioVersion = 10.0.40219.1
Project("{FAE04EC0-301F-11D3-BF4B-00C04F79EFBC}") = "VShop.ProductApi", "VShop.ProductApi\VShop.ProductApi.csproj", "{086F9C21-99DB-4701-891B-DF5FC66D8E78}"
EndProject
Global
	GlobalSection(SolutionConfigurationPlatforms) = preSolution
		Debug|Any CPU = Debug|Any CPU
		Release|Any CPU = Release|Any CPU
	EndGlobalSection
	GlobalSection(ProjectConfigurationPlatforms) = postSolution
		{086F9C21-99DB-4701-891B-DF5FC66D8E78}.Debug|Any CPU.ActiveCfg = Debug|Any CPU
		{086F9C21-99DB-4701-891B-DF5FC66D8E78}.Debug|Any CPU.Build.0 = Debug|Any CPU
		{086F9C21-99DB-4701-891B-DF5FC66D8E78}.Release|Any CPU.ActiveCfg = Release|Any CPU
		{086F9C21-99DB-4701-891B-DF5FC66D8E78}.Release|Any CPU.Build.0 = Release|Any CPU
	EndGlobalSection
	GlobalSection(SolutionProperties) = preSolution
		HideSolutionNode = FALSE
	EndGlobalSection
	GlobalSection(ExtensibilityGlobals) = postSolution
		SolutionGuid = {B6FE452A-CF87-496B-85AC-3B9BB1D58ECA}
	EndGlobalSection
EndGlobal
